// !$*UTF8*$!
{
	archiveVersion = 1;
	classes = {
	};
	objectVersion = 50;
	objects = {

/* Begin PBXBuildFile section */
		6F4E27F8255836BA0068CDDC /* UserData.swift in Sources */ = {isa = PBXBuildFile; fileRef = 6F4E27F3255836BA0068CDDC /* UserData.swift */; };
		6F4E27F9255836BA0068CDDC /* PopUpRegistrationViewController.swift in Sources */ = {isa = PBXBuildFile; fileRef = 6F4E27F4255836BA0068CDDC /* PopUpRegistrationViewController.swift */; };
		6F4E27FA255836BA0068CDDC /* RegistrationViewController.swift in Sources */ = {isa = PBXBuildFile; fileRef = 6F4E27F5255836BA0068CDDC /* RegistrationViewController.swift */; };
		6F4E27FB255836BA0068CDDC /* UserDataManager.swift in Sources */ = {isa = PBXBuildFile; fileRef = 6F4E27F6255836BA0068CDDC /* UserDataManager.swift */; };
		6F4E27FC255836BA0068CDDC /* AuthorizationViewController.swift in Sources */ = {isa = PBXBuildFile; fileRef = 6F4E27F7255836BA0068CDDC /* AuthorizationViewController.swift */; };
		6F4E280425583B240068CDDC /* MenuViewController.swift in Sources */ = {isa = PBXBuildFile; fileRef = 6F4E280325583B240068CDDC /* MenuViewController.swift */; };
		6F4E2807255843050068CDDC /* hayyim.storyboard in Resources */ = {isa = PBXBuildFile; fileRef = 6F4E2806255843050068CDDC /* hayyim.storyboard */; };
		6F4E280A255851DD0068CDDC /* MassViewController.swift in Sources */ = {isa = PBXBuildFile; fileRef = 6F4E2809255851DD0068CDDC /* MassViewController.swift */; };
		6F4E280D255851EE0068CDDC /* RadiusViewController.swift in Sources */ = {isa = PBXBuildFile; fileRef = 6F4E280C255851EE0068CDDC /* RadiusViewController.swift */; };
		6F4E2810255852260068CDDC /* NumberOfSatellitesViewController.swift in Sources */ = {isa = PBXBuildFile; fileRef = 6F4E280F255852260068CDDC /* NumberOfSatellitesViewController.swift */; };
		6F4E28182558B1410068CDDC /* ResultsViewController.swift in Sources */ = {isa = PBXBuildFile; fileRef = 6F4E28172558B1410068CDDC /* ResultsViewController.swift */; };
		6FB77A4625593E9C0040EBAF /* NavigationViewController.swift in Sources */ = {isa = PBXBuildFile; fileRef = 6FB77A4525593E9C0040EBAF /* NavigationViewController.swift */; };
		6FB9B67B2557EF2000578B87 /* AppDelegate.swift in Sources */ = {isa = PBXBuildFile; fileRef = 6FB9B67A2557EF2000578B87 /* AppDelegate.swift */; };
		6FB9B67D2557EF2000578B87 /* SceneDelegate.swift in Sources */ = {isa = PBXBuildFile; fileRef = 6FB9B67C2557EF2000578B87 /* SceneDelegate.swift */; };
		6FB9B67F2557EF2000578B87 /* ViewController.swift in Sources */ = {isa = PBXBuildFile; fileRef = 6FB9B67E2557EF2000578B87 /* ViewController.swift */; };
		6FB9B6822557EF2000578B87 /* other.storyboard in Resources */ = {isa = PBXBuildFile; fileRef = 6FB9B6802557EF2000578B87 /* other.storyboard */; };
		6FB9B6842557EF2300578B87 /* Assets.xcassets in Resources */ = {isa = PBXBuildFile; fileRef = 6FB9B6832557EF2300578B87 /* Assets.xcassets */; };
		6FB9B6872557EF2300578B87 /* LaunchScreen.storyboard in Resources */ = {isa = PBXBuildFile; fileRef = 6FB9B6852557EF2300578B87 /* LaunchScreen.storyboard */; };
		6FB9B6912557EF5400578B87 /* DataManager.swift in Sources */ = {isa = PBXBuildFile; fileRef = 6FB9B6902557EF5400578B87 /* DataManager.swift */; };
		6FB9B6942557EF6600578B87 /* PlanetModel.swift in Sources */ = {isa = PBXBuildFile; fileRef = 6FB9B6932557EF6600578B87 /* PlanetModel.swift */; };
		8654ADAA2557F61F00747295 /* Planet.storyboard in Resources */ = {isa = PBXBuildFile; fileRef = 8654ADA92557F61F00747295 /* Planet.storyboard */; };
		8654ADAF25580C8400747295 /* SolarSystemTabBarController.swift in Sources */ = {isa = PBXBuildFile; fileRef = 8654ADAE25580C8400747295 /* SolarSystemTabBarController.swift */; };
		8654ADB225580CB800747295 /* SolarSystemViewController.swift in Sources */ = {isa = PBXBuildFile; fileRef = 8654ADB125580CB800747295 /* SolarSystemViewController.swift */; };
		8654ADB525580CD500747295 /* AboutPlanetViewController.swift in Sources */ = {isa = PBXBuildFile; fileRef = 8654ADB425580CD500747295 /* AboutPlanetViewController.swift */; };
		8654ADB825580D3600747295 /* PlanetsViewController.swift in Sources */ = {isa = PBXBuildFile; fileRef = 8654ADB725580D3600747295 /* PlanetsViewController.swift */; };
		91338B912557F16F009F9745 /* StoryboardArtur.storyboard in Resources */ = {isa = PBXBuildFile; fileRef = 91338B902557F16F009F9745 /* StoryboardArtur.storyboard */; };
		91338B962557F1B1009F9745 /* TableViewContorllerArtur.swift in Sources */ = {isa = PBXBuildFile; fileRef = 91338B952557F1B1009F9745 /* TableViewContorllerArtur.swift */; };
		AB81F4AD2558009A005AB2F4 /* Main.storyboard in Resources */ = {isa = PBXBuildFile; fileRef = AB81F4AC2558009A005AB2F4 /* Main.storyboard */; };
/* End PBXBuildFile section */

/* Begin PBXFileReference section */
		6F4E27F3255836BA0068CDDC /* UserData.swift */ = {isa = PBXFileReference; fileEncoding = 4; lastKnownFileType = sourcecode.swift; path = UserData.swift; sourceTree = "<group>"; };
		6F4E27F4255836BA0068CDDC /* PopUpRegistrationViewController.swift */ = {isa = PBXFileReference; fileEncoding = 4; lastKnownFileType = sourcecode.swift; path = PopUpRegistrationViewController.swift; sourceTree = "<group>"; };
		6F4E27F5255836BA0068CDDC /* RegistrationViewController.swift */ = {isa = PBXFileReference; fileEncoding = 4; lastKnownFileType = sourcecode.swift; path = RegistrationViewController.swift; sourceTree = "<group>"; };
		6F4E27F6255836BA0068CDDC /* UserDataManager.swift */ = {isa = PBXFileReference; fileEncoding = 4; lastKnownFileType = sourcecode.swift; path = UserDataManager.swift; sourceTree = "<group>"; };
		6F4E27F7255836BA0068CDDC /* AuthorizationViewController.swift */ = {isa = PBXFileReference; fileEncoding = 4; lastKnownFileType = sourcecode.swift; path = AuthorizationViewController.swift; sourceTree = "<group>"; };
		6F4E280325583B240068CDDC /* MenuViewController.swift */ = {isa = PBXFileReference; fileEncoding = 4; lastKnownFileType = sourcecode.swift; path = MenuViewController.swift; sourceTree = "<group>"; };
		6F4E2806255843050068CDDC /* hayyim.storyboard */ = {isa = PBXFileReference; lastKnownFileType = file.storyboard; path = hayyim.storyboard; sourceTree = "<group>"; };
		6F4E2809255851DD0068CDDC /* MassViewController.swift */ = {isa = PBXFileReference; lastKnownFileType = sourcecode.swift; path = MassViewController.swift; sourceTree = "<group>"; };
		6F4E280C255851EE0068CDDC /* RadiusViewController.swift */ = {isa = PBXFileReference; lastKnownFileType = sourcecode.swift; path = RadiusViewController.swift; sourceTree = "<group>"; };
		6F4E280F255852260068CDDC /* NumberOfSatellitesViewController.swift */ = {isa = PBXFileReference; lastKnownFileType = sourcecode.swift; path = NumberOfSatellitesViewController.swift; sourceTree = "<group>"; };
		6F4E28172558B1410068CDDC /* ResultsViewController.swift */ = {isa = PBXFileReference; lastKnownFileType = sourcecode.swift; path = ResultsViewController.swift; sourceTree = "<group>"; };
		6FB77A4525593E9C0040EBAF /* NavigationViewController.swift */ = {isa = PBXFileReference; lastKnownFileType = sourcecode.swift; path = NavigationViewController.swift; sourceTree = "<group>"; };
		6FB9B6772557EF2000578B87 /* SolarSystem3.app */ = {isa = PBXFileReference; explicitFileType = wrapper.application; includeInIndex = 0; path = SolarSystem3.app; sourceTree = BUILT_PRODUCTS_DIR; };
		6FB9B67A2557EF2000578B87 /* AppDelegate.swift */ = {isa = PBXFileReference; lastKnownFileType = sourcecode.swift; path = AppDelegate.swift; sourceTree = "<group>"; };
		6FB9B67C2557EF2000578B87 /* SceneDelegate.swift */ = {isa = PBXFileReference; lastKnownFileType = sourcecode.swift; path = SceneDelegate.swift; sourceTree = "<group>"; };
		6FB9B67E2557EF2000578B87 /* ViewController.swift */ = {isa = PBXFileReference; lastKnownFileType = sourcecode.swift; path = ViewController.swift; sourceTree = "<group>"; };
		6FB9B6812557EF2000578B87 /* Base */ = {isa = PBXFileReference; lastKnownFileType = file.storyboard; name = Base; path = Base.lproj/other.storyboard; sourceTree = "<group>"; };
		6FB9B6832557EF2300578B87 /* Assets.xcassets */ = {isa = PBXFileReference; lastKnownFileType = folder.assetcatalog; path = Assets.xcassets; sourceTree = "<group>"; };
		6FB9B6862557EF2300578B87 /* Base */ = {isa = PBXFileReference; lastKnownFileType = file.storyboard; name = Base; path = Base.lproj/LaunchScreen.storyboard; sourceTree = "<group>"; };
		6FB9B6882557EF2300578B87 /* Info.plist */ = {isa = PBXFileReference; lastKnownFileType = text.plist.xml; path = Info.plist; sourceTree = "<group>"; };
		6FB9B6902557EF5400578B87 /* DataManager.swift */ = {isa = PBXFileReference; lastKnownFileType = sourcecode.swift; path = DataManager.swift; sourceTree = "<group>"; };
		6FB9B6932557EF6600578B87 /* PlanetModel.swift */ = {isa = PBXFileReference; lastKnownFileType = sourcecode.swift; path = PlanetModel.swift; sourceTree = "<group>"; };
		8654ADA92557F61F00747295 /* Planet.storyboard */ = {isa = PBXFileReference; lastKnownFileType = file.storyboard; path = Planet.storyboard; sourceTree = "<group>"; };
		8654ADAE25580C8400747295 /* SolarSystemTabBarController.swift */ = {isa = PBXFileReference; lastKnownFileType = sourcecode.swift; path = SolarSystemTabBarController.swift; sourceTree = "<group>"; };
		8654ADB125580CB800747295 /* SolarSystemViewController.swift */ = {isa = PBXFileReference; lastKnownFileType = sourcecode.swift; path = SolarSystemViewController.swift; sourceTree = "<group>"; };
		8654ADB425580CD500747295 /* AboutPlanetViewController.swift */ = {isa = PBXFileReference; lastKnownFileType = sourcecode.swift; path = AboutPlanetViewController.swift; sourceTree = "<group>"; };
		8654ADB725580D3600747295 /* PlanetsViewController.swift */ = {isa = PBXFileReference; lastKnownFileType = sourcecode.swift; path = PlanetsViewController.swift; sourceTree = "<group>"; };
		91338B902557F16F009F9745 /* StoryboardArtur.storyboard */ = {isa = PBXFileReference; lastKnownFileType = file.storyboard; path = StoryboardArtur.storyboard; sourceTree = "<group>"; };
		91338B952557F1B1009F9745 /* TableViewContorllerArtur.swift */ = {isa = PBXFileReference; lastKnownFileType = sourcecode.swift; path = TableViewContorllerArtur.swift; sourceTree = "<group>"; };
		AB81F4AC2558009A005AB2F4 /* Main.storyboard */ = {isa = PBXFileReference; lastKnownFileType = file.storyboard; path = Main.storyboard; sourceTree = "<group>"; };
/* End PBXFileReference section */

/* Begin PBXFrameworksBuildPhase section */
		6FB9B6742557EF2000578B87 /* Frameworks */ = {
			isa = PBXFrameworksBuildPhase;
			buildActionMask = 2147483647;
			files = (
			);
			runOnlyForDeploymentPostprocessing = 0;
		};
/* End PBXFrameworksBuildPhase section */

/* Begin PBXGroup section */
		6F4E27FF25583A510068CDDC /* Hayyim */ = {
			isa = PBXGroup;
			children = (
				6F4E2809255851DD0068CDDC /* MassViewController.swift */,
				6F4E280C255851EE0068CDDC /* RadiusViewController.swift */,
				6F4E280F255852260068CDDC /* NumberOfSatellitesViewController.swift */,
				6F4E28172558B1410068CDDC /* ResultsViewController.swift */,
				6F4E2806255843050068CDDC /* hayyim.storyboard */,
				6FB9B6932557EF6600578B87 /* PlanetModel.swift */,
				6FB9B6902557EF5400578B87 /* DataManager.swift */,
			);
			path = Hayyim;
			sourceTree = "<group>";
		};
		6F4E280025583A7F0068CDDC /* Danya */ = {
			isa = PBXGroup;
			children = (
				6F4E27F7255836BA0068CDDC /* AuthorizationViewController.swift */,
				6F4E27F4255836BA0068CDDC /* PopUpRegistrationViewController.swift */,
				6F4E27F5255836BA0068CDDC /* RegistrationViewController.swift */,
				6F4E280325583B240068CDDC /* MenuViewController.swift */,
				6F4E27F3255836BA0068CDDC /* UserData.swift */,
				6F4E27F6255836BA0068CDDC /* UserDataManager.swift */,
				AB81F4AC2558009A005AB2F4 /* Main.storyboard */,
			);
			path = Danya;
			sourceTree = "<group>";
		};
		6F4E280125583AA20068CDDC /* Vladislav */ = {
			isa = PBXGroup;
			children = (
				8654ADA92557F61F00747295 /* Planet.storyboard */,
				8654ADB725580D3600747295 /* PlanetsViewController.swift */,
				8654ADAE25580C8400747295 /* SolarSystemTabBarController.swift */,
				6FB77A4525593E9C0040EBAF /* NavigationViewController.swift */,
				8654ADB125580CB800747295 /* SolarSystemViewController.swift */,
				8654ADB425580CD500747295 /* AboutPlanetViewController.swift */,
			);
			path = Vladislav;
			sourceTree = "<group>";
		};
		6FB9B66E2557EF2000578B87 = {
			isa = PBXGroup;
			children = (
				6FB9B6792557EF2000578B87 /* SolarSystem3 */,
				6FB9B6782557EF2000578B87 /* Products */,
			);
			sourceTree = "<group>";
		};
		6FB9B6782557EF2000578B87 /* Products */ = {
			isa = PBXGroup;
			children = (
				6FB9B6772557EF2000578B87 /* SolarSystem3.app */,
			);
			name = Products;
			sourceTree = "<group>";
		};
		6FB9B6792557EF2000578B87 /* SolarSystem3 */ = {
			isa = PBXGroup;
			children = (
				91338B932557F173009F9745 /* Artur */,
				6F4E280025583A7F0068CDDC /* Danya */,
				6F4E27FF25583A510068CDDC /* Hayyim */,
				6F4E280125583AA20068CDDC /* Vladislav */,
				6FB9B6802557EF2000578B87 /* other.storyboard */,
				6FB9B67E2557EF2000578B87 /* ViewController.swift */,
				6FB9B6832557EF2300578B87 /* Assets.xcassets */,
				6FB9B6852557EF2300578B87 /* LaunchScreen.storyboard */,
				6FB9B6882557EF2300578B87 /* Info.plist */,
				6FB9B67A2557EF2000578B87 /* AppDelegate.swift */,
				6FB9B67C2557EF2000578B87 /* SceneDelegate.swift */,
			);
			path = SolarSystem3;
			sourceTree = "<group>";
		};
		91338B932557F173009F9745 /* Artur */ = {
			isa = PBXGroup;
			children = (
				91338B902557F16F009F9745 /* StoryboardArtur.storyboard */,
				91338B952557F1B1009F9745 /* TableViewContorllerArtur.swift */,
			);
			path = Artur;
			sourceTree = "<group>";
		};
/* End PBXGroup section */

/* Begin PBXNativeTarget section */
		6FB9B6762557EF2000578B87 /* SolarSystem3 */ = {
			isa = PBXNativeTarget;
			buildConfigurationList = 6FB9B68B2557EF2300578B87 /* Build configuration list for PBXNativeTarget "SolarSystem3" */;
			buildPhases = (
				6FB9B6732557EF2000578B87 /* Sources */,
				6FB9B6742557EF2000578B87 /* Frameworks */,
				6FB9B6752557EF2000578B87 /* Resources */,
			);
			buildRules = (
			);
			dependencies = (
			);
			name = SolarSystem3;
			productName = SolarSystem3;
			productReference = 6FB9B6772557EF2000578B87 /* SolarSystem3.app */;
			productType = "com.apple.product-type.application";
		};
/* End PBXNativeTarget section */

/* Begin PBXProject section */
		6FB9B66F2557EF2000578B87 /* Project object */ = {
			isa = PBXProject;
			attributes = {
				LastSwiftUpdateCheck = 1210;
				LastUpgradeCheck = 1210;
				TargetAttributes = {
					6FB9B6762557EF2000578B87 = {
						CreatedOnToolsVersion = 12.1;
					};
				};
			};
			buildConfigurationList = 6FB9B6722557EF2000578B87 /* Build configuration list for PBXProject "SolarSystem3" */;
			compatibilityVersion = "Xcode 9.3";
			developmentRegion = en;
			hasScannedForEncodings = 0;
			knownRegions = (
				en,
				Base,
			);
			mainGroup = 6FB9B66E2557EF2000578B87;
			productRefGroup = 6FB9B6782557EF2000578B87 /* Products */;
			projectDirPath = "";
			projectRoot = "";
			targets = (
				6FB9B6762557EF2000578B87 /* SolarSystem3 */,
			);
		};
/* End PBXProject section */

/* Begin PBXResourcesBuildPhase section */
		6FB9B6752557EF2000578B87 /* Resources */ = {
			isa = PBXResourcesBuildPhase;
			buildActionMask = 2147483647;
			files = (
				8654ADAA2557F61F00747295 /* Planet.storyboard in Resources */,
				AB81F4AD2558009A005AB2F4 /* Main.storyboard in Resources */,
				6F4E2807255843050068CDDC /* hayyim.storyboard in Resources */,
				91338B912557F16F009F9745 /* StoryboardArtur.storyboard in Resources */,
				6FB9B6872557EF2300578B87 /* LaunchScreen.storyboard in Resources */,
				6FB9B6842557EF2300578B87 /* Assets.xcassets in Resources */,
				6FB9B6822557EF2000578B87 /* other.storyboard in Resources */,
			);
			runOnlyForDeploymentPostprocessing = 0;
		};
/* End PBXResourcesBuildPhase section */

/* Begin PBXSourcesBuildPhase section */
		6FB9B6732557EF2000578B87 /* Sources */ = {
			isa = PBXSourcesBuildPhase;
			buildActionMask = 2147483647;
			files = (
				6F4E27FB255836BA0068CDDC /* UserDataManager.swift in Sources */,
				6F4E2810255852260068CDDC /* NumberOfSatellitesViewController.swift in Sources */,
				91338B962557F1B1009F9745 /* TableViewContorllerArtur.swift in Sources */,
				6F4E28182558B1410068CDDC /* ResultsViewController.swift in Sources */,
				8654ADAF25580C8400747295 /* SolarSystemTabBarController.swift in Sources */,
				6F4E27FC255836BA0068CDDC /* AuthorizationViewController.swift in Sources */,
				6F4E280D255851EE0068CDDC /* RadiusViewController.swift in Sources */,
				6FB9B67F2557EF2000578B87 /* ViewController.swift in Sources */,
				6FB9B6912557EF5400578B87 /* DataManager.swift in Sources */,
				6F4E280A255851DD0068CDDC /* MassViewController.swift in Sources */,
				6F4E27FA255836BA0068CDDC /* RegistrationViewController.swift in Sources */,
				6F4E280425583B240068CDDC /* MenuViewController.swift in Sources */,
				6FB77A4625593E9C0040EBAF /* NavigationViewController.swift in Sources */,
				8654ADB825580D3600747295 /* PlanetsViewController.swift in Sources */,
				6F4E27F8255836BA0068CDDC /* UserData.swift in Sources */,
				6FB9B67B2557EF2000578B87 /* AppDelegate.swift in Sources */,
				6FB9B67D2557EF2000578B87 /* SceneDelegate.swift in Sources */,
				6FB9B6942557EF6600578B87 /* PlanetModel.swift in Sources */,
				8654ADB525580CD500747295 /* AboutPlanetViewController.swift in Sources */,
				6F4E27F9255836BA0068CDDC /* PopUpRegistrationViewController.swift in Sources */,
				8654ADB225580CB800747295 /* SolarSystemViewController.swift in Sources */,
			);
			runOnlyForDeploymentPostprocessing = 0;
		};
/* End PBXSourcesBuildPhase section */

/* Begin PBXVariantGroup section */
		6FB9B6802557EF2000578B87 /* other.storyboard */ = {
			isa = PBXVariantGroup;
			children = (
				6FB9B6812557EF2000578B87 /* Base */,
			);
			name = other.storyboard;
			sourceTree = "<group>";
		};
		6FB9B6852557EF2300578B87 /* LaunchScreen.storyboard */ = {
			isa = PBXVariantGroup;
			children = (
				6FB9B6862557EF2300578B87 /* Base */,
			);
			name = LaunchScreen.storyboard;
			sourceTree = "<group>";
		};
/* End PBXVariantGroup section */

/* Begin XCBuildConfiguration section */
		6FB9B6892557EF2300578B87 /* Debug */ = {
			isa = XCBuildConfiguration;
			buildSettings = {
				ALWAYS_SEARCH_USER_PATHS = NO;
				CLANG_ANALYZER_NONNULL = YES;
				CLANG_ANALYZER_NUMBER_OBJECT_CONVERSION = YES_AGGRESSIVE;
				CLANG_CXX_LANGUAGE_STANDARD = "gnu++14";
				CLANG_CXX_LIBRARY = "libc++";
				CLANG_ENABLE_MODULES = YES;
				CLANG_ENABLE_OBJC_ARC = YES;
				CLANG_ENABLE_OBJC_WEAK = YES;
				CLANG_WARN_BLOCK_CAPTURE_AUTORELEASING = YES;
				CLANG_WARN_BOOL_CONVERSION = YES;
				CLANG_WARN_COMMA = YES;
				CLANG_WARN_CONSTANT_CONVERSION = YES;
				CLANG_WARN_DEPRECATED_OBJC_IMPLEMENTATIONS = YES;
				CLANG_WARN_DIRECT_OBJC_ISA_USAGE = YES_ERROR;
				CLANG_WARN_DOCUMENTATION_COMMENTS = YES;
				CLANG_WARN_EMPTY_BODY = YES;
				CLANG_WARN_ENUM_CONVERSION = YES;
				CLANG_WARN_INFINITE_RECURSION = YES;
				CLANG_WARN_INT_CONVERSION = YES;
				CLANG_WARN_NON_LITERAL_NULL_CONVERSION = YES;
				CLANG_WARN_OBJC_IMPLICIT_RETAIN_SELF = YES;
				CLANG_WARN_OBJC_LITERAL_CONVERSION = YES;
				CLANG_WARN_OBJC_ROOT_CLASS = YES_ERROR;
				CLANG_WARN_QUOTED_INCLUDE_IN_FRAMEWORK_HEADER = YES;
				CLANG_WARN_RANGE_LOOP_ANALYSIS = YES;
				CLANG_WARN_STRICT_PROTOTYPES = YES;
				CLANG_WARN_SUSPICIOUS_MOVE = YES;
				CLANG_WARN_UNGUARDED_AVAILABILITY = YES_AGGRESSIVE;
				CLANG_WARN_UNREACHABLE_CODE = YES;
				CLANG_WARN__DUPLICATE_METHOD_MATCH = YES;
				COPY_PHASE_STRIP = NO;
				DEBUG_INFORMATION_FORMAT = dwarf;
				ENABLE_STRICT_OBJC_MSGSEND = YES;
				ENABLE_TESTABILITY = YES;
				GCC_C_LANGUAGE_STANDARD = gnu11;
				GCC_DYNAMIC_NO_PIC = NO;
				GCC_NO_COMMON_BLOCKS = YES;
				GCC_OPTIMIZATION_LEVEL = 0;
				GCC_PREPROCESSOR_DEFINITIONS = (
					"DEBUG=1",
					"$(inherited)",
				);
				GCC_WARN_64_TO_32_BIT_CONVERSION = YES;
				GCC_WARN_ABOUT_RETURN_TYPE = YES_ERROR;
				GCC_WARN_UNDECLARED_SELECTOR = YES;
				GCC_WARN_UNINITIALIZED_AUTOS = YES_AGGRESSIVE;
				GCC_WARN_UNUSED_FUNCTION = YES;
				GCC_WARN_UNUSED_VARIABLE = YES;
				IPHONEOS_DEPLOYMENT_TARGET = 14.1;
				MTL_ENABLE_DEBUG_INFO = INCLUDE_SOURCE;
				MTL_FAST_MATH = YES;
				ONLY_ACTIVE_ARCH = YES;
				SDKROOT = iphoneos;
				SWIFT_ACTIVE_COMPILATION_CONDITIONS = DEBUG;
				SWIFT_OPTIMIZATION_LEVEL = "-Onone";
			};
			name = Debug;
		};
		6FB9B68A2557EF2300578B87 /* Release */ = {
			isa = XCBuildConfiguration;
			buildSettings = {
				ALWAYS_SEARCH_USER_PATHS = NO;
				CLANG_ANALYZER_NONNULL = YES;
				CLANG_ANALYZER_NUMBER_OBJECT_CONVERSION = YES_AGGRESSIVE;
				CLANG_CXX_LANGUAGE_STANDARD = "gnu++14";
				CLANG_CXX_LIBRARY = "libc++";
				CLANG_ENABLE_MODULES = YES;
				CLANG_ENABLE_OBJC_ARC = YES;
				CLANG_ENABLE_OBJC_WEAK = YES;
				CLANG_WARN_BLOCK_CAPTURE_AUTORELEASING = YES;
				CLANG_WARN_BOOL_CONVERSION = YES;
				CLANG_WARN_COMMA = YES;
				CLANG_WARN_CONSTANT_CONVERSION = YES;
				CLANG_WARN_DEPRECATED_OBJC_IMPLEMENTATIONS = YES;
				CLANG_WARN_DIRECT_OBJC_ISA_USAGE = YES_ERROR;
				CLANG_WARN_DOCUMENTATION_COMMENTS = YES;
				CLANG_WARN_EMPTY_BODY = YES;
				CLANG_WARN_ENUM_CONVERSION = YES;
				CLANG_WARN_INFINITE_RECURSION = YES;
				CLANG_WARN_INT_CONVERSION = YES;
				CLANG_WARN_NON_LITERAL_NULL_CONVERSION = YES;
				CLANG_WARN_OBJC_IMPLICIT_RETAIN_SELF = YES;
				CLANG_WARN_OBJC_LITERAL_CONVERSION = YES;
				CLANG_WARN_OBJC_ROOT_CLASS = YES_ERROR;
				CLANG_WARN_QUOTED_INCLUDE_IN_FRAMEWORK_HEADER = YES;
				CLANG_WARN_RANGE_LOOP_ANALYSIS = YES;
				CLANG_WARN_STRICT_PROTOTYPES = YES;
				CLANG_WARN_SUSPICIOUS_MOVE = YES;
				CLANG_WARN_UNGUARDED_AVAILABILITY = YES_AGGRESSIVE;
				CLANG_WARN_UNREACHABLE_CODE = YES;
				CLANG_WARN__DUPLICATE_METHOD_MATCH = YES;
				COPY_PHASE_STRIP = NO;
				DEBUG_INFORMATION_FORMAT = "dwarf-with-dsym";
				ENABLE_NS_ASSERTIONS = NO;
				ENABLE_STRICT_OBJC_MSGSEND = YES;
				GCC_C_LANGUAGE_STANDARD = gnu11;
				GCC_NO_COMMON_BLOCKS = YES;
				GCC_WARN_64_TO_32_BIT_CONVERSION = YES;
				GCC_WARN_ABOUT_RETURN_TYPE = YES_ERROR;
				GCC_WARN_UNDECLARED_SELECTOR = YES;
				GCC_WARN_UNINITIALIZED_AUTOS = YES_AGGRESSIVE;
				GCC_WARN_UNUSED_FUNCTION = YES;
				GCC_WARN_UNUSED_VARIABLE = YES;
				IPHONEOS_DEPLOYMENT_TARGET = 14.1;
				MTL_ENABLE_DEBUG_INFO = NO;
				MTL_FAST_MATH = YES;
				SDKROOT = iphoneos;
				SWIFT_COMPILATION_MODE = wholemodule;
				SWIFT_OPTIMIZATION_LEVEL = "-O";
				VALIDATE_PRODUCT = YES;
			};
			name = Release;
		};
		6FB9B68C2557EF2300578B87 /* Debug */ = {
			isa = XCBuildConfiguration;
			buildSettings = {
				ASSETCATALOG_COMPILER_APPICON_NAME = AppIcon;
				ASSETCATALOG_COMPILER_GLOBAL_ACCENT_COLOR_NAME = AccentColor;
				CODE_SIGN_STYLE = Automatic;
				DEVELOPMENT_TEAM = BH26MDT64T;
				INFOPLIST_FILE = SolarSystem3/Info.plist;
				LD_RUNPATH_SEARCH_PATHS = (
					"$(inherited)",
					"@executable_path/Frameworks",
				);
				PRODUCT_BUNDLE_IDENTIFIER = b2banalytica.SolarSystem3;
				PRODUCT_NAME = "$(TARGET_NAME)";
				SWIFT_VERSION = 5.0;
				TARGETED_DEVICE_FAMILY = "1,2";
			};
			name = Debug;
		};
		6FB9B68D2557EF2300578B87 /* Release */ = {
			isa = XCBuildConfiguration;
			buildSettings = {
				ASSETCATALOG_COMPILER_APPICON_NAME = AppIcon;
				ASSETCATALOG_COMPILER_GLOBAL_ACCENT_COLOR_NAME = AccentColor;
				CODE_SIGN_STYLE = Automatic;
				DEVELOPMENT_TEAM = BH26MDT64T;
				INFOPLIST_FILE = SolarSystem3/Info.plist;
				LD_RUNPATH_SEARCH_PATHS = (
					"$(inherited)",
					"@executable_path/Frameworks",
				);
				PRODUCT_BUNDLE_IDENTIFIER = b2banalytica.SolarSystem3;
				PRODUCT_NAME = "$(TARGET_NAME)";
				SWIFT_VERSION = 5.0;
				TARGETED_DEVICE_FAMILY = "1,2";
			};
			name = Release;
		};
/* End XCBuildConfiguration section */

/* Begin XCConfigurationList section */
		6FB9B6722557EF2000578B87 /* Build configuration list for PBXProject "SolarSystem3" */ = {
			isa = XCConfigurationList;
			buildConfigurations = (
				6FB9B6892557EF2300578B87 /* Debug */,
				6FB9B68A2557EF2300578B87 /* Release */,
			);
			defaultConfigurationIsVisible = 0;
			defaultConfigurationName = Release;
		};
		6FB9B68B2557EF2300578B87 /* Build configuration list for PBXNativeTarget "SolarSystem3" */ = {
			isa = XCConfigurationList;
			buildConfigurations = (
				6FB9B68C2557EF2300578B87 /* Debug */,
				6FB9B68D2557EF2300578B87 /* Release */,
			);
			defaultConfigurationIsVisible = 0;
			defaultConfigurationName = Release;
		};
/* End XCConfigurationList section */
	};
	rootObject = 6FB9B66F2557EF2000578B87 /* Project object */;
}
